
Microsoft Visual Studio Solution File, Format Version 12.00
# Visual Studio Version 17
VisualStudioVersion = 17.0.31903.59
MinimumVisualStudioVersion = 10.0.40219.1
Project("{2150E333-8FDC-42A3-9474-1A3956D46DE8}") = "tests", "tests", "{0E1127B7-5A24-4602-B958-D9888E274780}"
EndProject
Project("{2150E333-8FDC-42A3-9474-1A3956D46DE8}") = "src", "src", "{5C382821-D467-4ACF-AD72-3A3B0BA7272E}"
EndProject
Project("{FAE04EC0-301F-11D3-BF4B-00C04F79EFBC}") = "Client", "src\Client\Client.csproj", "{6AB5113A-DCFE-4320-A808-A5D60B8786E1}"
EndProject
Project("{FAE04EC0-301F-11D3-BF4B-00C04F79EFBC}") = "WebAPI.Contracts", "src\Server\WebAPI.Contracts\WebAPI.Contracts.csproj", "{964C04E3-29AF-4E93-B2F5-3A20FA607157}"
EndProject
Project("{FAE04EC0-301F-11D3-BF4B-00C04F79EFBC}") = "WebAPI", "src\Server\WebAPI\WebAPI.csproj", "{36C122D2-A1F7-4CE1-9693-3F925E9E0A49}"
EndProject
Project("{FAE04EC0-301F-11D3-BF4B-00C04F79EFBC}") = "Domain", "src\Server\Domain\Domain.csproj", "{F9F636FB-C8B9-43F0-8874-3698E7FE6656}"
EndProject
Project("{FAE04EC0-301F-11D3-BF4B-00C04F79EFBC}") = "Database", "src\Server\Database\Database.csproj", "{9D3DE8BA-6164-4C4A-AFB9-8EE86C6414AB}"
EndProject
Project("{F2A71F9B-5D33-465A-A702-920D77279786}") = "Domain.Tests", "tests\Domain.Tests\Domain.Tests.fsproj", "{2C6C6092-DCF3-43C2-9C07-2FC7818E07FD}"
EndProject
Global
	GlobalSection(SolutionConfigurationPlatforms) = preSolution
		Debug|Any CPU = Debug|Any CPU
		Release|Any CPU = Release|Any CPU
	EndGlobalSection
	GlobalSection(SolutionProperties) = preSolution
		HideSolutionNode = FALSE
	EndGlobalSection
	GlobalSection(ProjectConfigurationPlatforms) = postSolution
		{6AB5113A-DCFE-4320-A808-A5D60B8786E1}.Debug|Any CPU.ActiveCfg = Debug|Any CPU
		{6AB5113A-DCFE-4320-A808-A5D60B8786E1}.Debug|Any CPU.Build.0 = Debug|Any CPU
		{6AB5113A-DCFE-4320-A808-A5D60B8786E1}.Release|Any CPU.ActiveCfg = Release|Any CPU
		{6AB5113A-DCFE-4320-A808-A5D60B8786E1}.Release|Any CPU.Build.0 = Release|Any CPU
		{964C04E3-29AF-4E93-B2F5-3A20FA607157}.Debug|Any CPU.ActiveCfg = Debug|Any CPU
		{964C04E3-29AF-4E93-B2F5-3A20FA607157}.Debug|Any CPU.Build.0 = Debug|Any CPU
		{964C04E3-29AF-4E93-B2F5-3A20FA607157}.Release|Any CPU.ActiveCfg = Release|Any CPU
		{964C04E3-29AF-4E93-B2F5-3A20FA607157}.Release|Any CPU.Build.0 = Release|Any CPU
		{36C122D2-A1F7-4CE1-9693-3F925E9E0A49}.Debug|Any CPU.ActiveCfg = Debug|Any CPU
		{36C122D2-A1F7-4CE1-9693-3F925E9E0A49}.Debug|Any CPU.Build.0 = Debug|Any CPU
		{36C122D2-A1F7-4CE1-9693-3F925E9E0A49}.Release|Any CPU.ActiveCfg = Release|Any CPU
		{36C122D2-A1F7-4CE1-9693-3F925E9E0A49}.Release|Any CPU.Build.0 = Release|Any CPU
		{F9F636FB-C8B9-43F0-8874-3698E7FE6656}.Debug|Any CPU.ActiveCfg = Debug|Any CPU
		{F9F636FB-C8B9-43F0-8874-3698E7FE6656}.Debug|Any CPU.Build.0 = Debug|Any CPU
		{F9F636FB-C8B9-43F0-8874-3698E7FE6656}.Release|Any CPU.ActiveCfg = Release|Any CPU
		{F9F636FB-C8B9-43F0-8874-3698E7FE6656}.Release|Any CPU.Build.0 = Release|Any CPU
		{9D3DE8BA-6164-4C4A-AFB9-8EE86C6414AB}.Debug|Any CPU.ActiveCfg = Debug|Any CPU
		{9D3DE8BA-6164-4C4A-AFB9-8EE86C6414AB}.Debug|Any CPU.Build.0 = Debug|Any CPU
		{9D3DE8BA-6164-4C4A-AFB9-8EE86C6414AB}.Release|Any CPU.ActiveCfg = Release|Any CPU
		{9D3DE8BA-6164-4C4A-AFB9-8EE86C6414AB}.Release|Any CPU.Build.0 = Release|Any CPU
		{2C6C6092-DCF3-43C2-9C07-2FC7818E07FD}.Debug|Any CPU.ActiveCfg = Debug|Any CPU
		{2C6C6092-DCF3-43C2-9C07-2FC7818E07FD}.Debug|Any CPU.Build.0 = Debug|Any CPU
		{2C6C6092-DCF3-43C2-9C07-2FC7818E07FD}.Release|Any CPU.ActiveCfg = Release|Any CPU
		{2C6C6092-DCF3-43C2-9C07-2FC7818E07FD}.Release|Any CPU.Build.0 = Release|Any CPU
	EndGlobalSection
	GlobalSection(NestedProjects) = preSolution
		{6AB5113A-DCFE-4320-A808-A5D60B8786E1} = {5C382821-D467-4ACF-AD72-3A3B0BA7272E}
		{964C04E3-29AF-4E93-B2F5-3A20FA607157} = {5C382821-D467-4ACF-AD72-3A3B0BA7272E}
		{36C122D2-A1F7-4CE1-9693-3F925E9E0A49} = {5C382821-D467-4ACF-AD72-3A3B0BA7272E}
		{F9F636FB-C8B9-43F0-8874-3698E7FE6656} = {5C382821-D467-4ACF-AD72-3A3B0BA7272E}
		{9D3DE8BA-6164-4C4A-AFB9-8EE86C6414AB} = {5C382821-D467-4ACF-AD72-3A3B0BA7272E}
		{2C6C6092-DCF3-43C2-9C07-2FC7818E07FD} = {0E1127B7-5A24-4602-B958-D9888E274780}
	EndGlobalSection
EndGlobal
