
Microsoft Visual Studio Solution File, Format Version 12.00
# Visual Studio Version 17
VisualStudioVersion = 17.0.31903.59
MinimumVisualStudioVersion = 10.0.40219.1
Project("{FAE04EC0-301F-11D3-BF4B-00C04F79EFBC}") = "WebAPI", "src\Server\WebAPI\WebAPI.csproj", "{DCE35A43-69BD-40C0-8077-68ABB1B2E4EB}"
EndProject
Project("{FAE04EC0-301F-11D3-BF4B-00C04F79EFBC}") = "Domain", "src\Server\Domain\Domain.csproj", "{F7499C63-ACF9-4437-B915-C78FC5970A42}"
EndProject
Project("{FAE04EC0-301F-11D3-BF4B-00C04F79EFBC}") = "Database", "src\Server\Database\Database.csproj", "{200FAB26-1284-47E9-9457-E7DFEC4F2236}"
EndProject
Project("{FAE04EC0-301F-11D3-BF4B-00C04F79EFBC}") = "WebAPI.Contracts", "src\Server\WebAPI.Contracts\WebAPI.Contracts.csproj", "{CA5C2B65-27D7-4DC3-95CE-880E76E81D70}"
EndProject
Project("{FAE04EC0-301F-11D3-BF4B-00C04F79EFBC}") = "Client", "src\Client\Client.csproj", "{807F634D-BDA3-4099-A770-44BBF77A9B99}"
EndProject
Global
	GlobalSection(SolutionConfigurationPlatforms) = preSolution
		Debug|Any CPU = Debug|Any CPU
		Release|Any CPU = Release|Any CPU
	EndGlobalSection
	GlobalSection(SolutionProperties) = preSolution
		HideSolutionNode = FALSE
	EndGlobalSection
	GlobalSection(ProjectConfigurationPlatforms) = postSolution
		{DCE35A43-69BD-40C0-8077-68ABB1B2E4EB}.Debug|Any CPU.ActiveCfg = Debug|Any CPU
		{DCE35A43-69BD-40C0-8077-68ABB1B2E4EB}.Debug|Any CPU.Build.0 = Debug|Any CPU
		{DCE35A43-69BD-40C0-8077-68ABB1B2E4EB}.Release|Any CPU.ActiveCfg = Release|Any CPU
		{DCE35A43-69BD-40C0-8077-68ABB1B2E4EB}.Release|Any CPU.Build.0 = Release|Any CPU
		{F7499C63-ACF9-4437-B915-C78FC5970A42}.Debug|Any CPU.ActiveCfg = Debug|Any CPU
		{F7499C63-ACF9-4437-B915-C78FC5970A42}.Debug|Any CPU.Build.0 = Debug|Any CPU
		{F7499C63-ACF9-4437-B915-C78FC5970A42}.Release|Any CPU.ActiveCfg = Release|Any CPU
		{F7499C63-ACF9-4437-B915-C78FC5970A42}.Release|Any CPU.Build.0 = Release|Any CPU
		{200FAB26-1284-47E9-9457-E7DFEC4F2236}.Debug|Any CPU.ActiveCfg = Debug|Any CPU
		{200FAB26-1284-47E9-9457-E7DFEC4F2236}.Debug|Any CPU.Build.0 = Debug|Any CPU
		{200FAB26-1284-47E9-9457-E7DFEC4F2236}.Release|Any CPU.ActiveCfg = Release|Any CPU
		{200FAB26-1284-47E9-9457-E7DFEC4F2236}.Release|Any CPU.Build.0 = Release|Any CPU
		{CA5C2B65-27D7-4DC3-95CE-880E76E81D70}.Debug|Any CPU.ActiveCfg = Debug|Any CPU
		{CA5C2B65-27D7-4DC3-95CE-880E76E81D70}.Debug|Any CPU.Build.0 = Debug|Any CPU
		{CA5C2B65-27D7-4DC3-95CE-880E76E81D70}.Release|Any CPU.ActiveCfg = Release|Any CPU
		{CA5C2B65-27D7-4DC3-95CE-880E76E81D70}.Release|Any CPU.Build.0 = Release|Any CPU
		{807F634D-BDA3-4099-A770-44BBF77A9B99}.Release|Any CPU.ActiveCfg = Release|Any CPU
		{807F634D-BDA3-4099-A770-44BBF77A9B99}.Release|Any CPU.Build.0 = Release|Any CPU
	EndGlobalSection
EndGlobal
